
Microsoft Visual Studio Solution File, Format Version 12.00
# Visual Studio 15
VisualStudioVersion = 15.0.28307.421
MinimumVisualStudioVersion = 10.0.40219.1
Project("{FAE04EC0-301F-11D3-BF4B-00C04F79EFBC}") = "FluxoCaixa", "WindowsFormsApp1\FluxoCaixa.csproj", "{27D275BD-6F8A-4403-B043-9F167F8D6EC5}"
EndProject
Global
	GlobalSection(SolutionConfigurationPlatforms) = preSolution
		Debug|Any CPU = Debug|Any CPU
		Release|Any CPU = Release|Any CPU
	EndGlobalSection
	GlobalSection(ProjectConfigurationPlatforms) = postSolution
		{27D275BD-6F8A-4403-B043-9F167F8D6EC5}.Debug|Any CPU.ActiveCfg = Debug|Any CPU
		{27D275BD-6F8A-4403-B043-9F167F8D6EC5}.Debug|Any CPU.Build.0 = Debug|Any CPU
		{27D275BD-6F8A-4403-B043-9F167F8D6EC5}.Release|Any CPU.ActiveCfg = Release|Any CPU
		{27D275BD-6F8A-4403-B043-9F167F8D6EC5}.Release|Any CPU.Build.0 = Release|Any CPU
	EndGlobalSection
	GlobalSection(SolutionProperties) = preSolution
		HideSolutionNode = FALSE
	EndGlobalSection
	GlobalSection(ExtensibilityGlobals) = postSolution
		SolutionGuid = {B2F61AE3-0226-498B-84BD-40CE14FD72DC}
	EndGlobalSection
EndGlobal
